
Microsoft Visual Studio Solution File, Format Version 12.00
# Visual Studio Version 17
VisualStudioVersion = 17.5.002.0
MinimumVisualStudioVersion = 10.0.40219.1
Project("{9A19103F-16F7-4668-BE54-9A1E7A4F7556}") = "GladiatorColosseum", "GladiatorColosseum.csproj", "{63FCEA5C-077C-4F43-A746-1789294B2514}"
EndProject
Global
	GlobalSection(SolutionConfigurationPlatforms) = preSolution
		Debug|Any CPU = Debug|Any CPU
		Release|Any CPU = Release|Any CPU
	EndGlobalSection
	GlobalSection(ProjectConfigurationPlatforms) = postSolution
		{63FCEA5C-077C-4F43-A746-1789294B2514}.Debug|Any CPU.ActiveCfg = Debug|Any CPU
		{63FCEA5C-077C-4F43-A746-1789294B2514}.Debug|Any CPU.Build.0 = Debug|Any CPU
		{63FCEA5C-077C-4F43-A746-1789294B2514}.Release|Any CPU.ActiveCfg = Release|Any CPU
		{63FCEA5C-077C-4F43-A746-1789294B2514}.Release|Any CPU.Build.0 = Release|Any CPU
	EndGlobalSection
	GlobalSection(SolutionProperties) = preSolution
		HideSolutionNode = FALSE
	EndGlobalSection
	GlobalSection(ExtensibilityGlobals) = postSolution
		SolutionGuid = {B56FF413-80E9-42F8-9375-AB36C81747BB}
	EndGlobalSection
EndGlobal
